
Microsoft Visual Studio Solution File, Format Version 12.00
# Visual Studio 15
VisualStudioVersion = 15.0.28010.2019
MinimumVisualStudioVersion = 10.0.40219.1
Project("{F184B08F-C81C-45F6-A57F-5ABD9991F28F}") = "Entree", "Entree\Entree.vbproj", "{2FEF008C-942B-4D2A-88C8-F73562881753}"
EndProject
Global
	GlobalSection(SolutionConfigurationPlatforms) = preSolution
		Debug|Any CPU = Debug|Any CPU
		Release|Any CPU = Release|Any CPU
	EndGlobalSection
	GlobalSection(ProjectConfigurationPlatforms) = postSolution
		{2FEF008C-942B-4D2A-88C8-F73562881753}.Debug|Any CPU.ActiveCfg = Debug|Any CPU
		{2FEF008C-942B-4D2A-88C8-F73562881753}.Debug|Any CPU.Build.0 = Debug|Any CPU
		{2FEF008C-942B-4D2A-88C8-F73562881753}.Release|Any CPU.ActiveCfg = Release|Any CPU
		{2FEF008C-942B-4D2A-88C8-F73562881753}.Release|Any CPU.Build.0 = Release|Any CPU
	EndGlobalSection
	GlobalSection(SolutionProperties) = preSolution
		HideSolutionNode = FALSE
	EndGlobalSection
	GlobalSection(ExtensibilityGlobals) = postSolution
		SolutionGuid = {F3EDB20F-A07A-4E0F-A394-7EEB130DFF83}
	EndGlobalSection
EndGlobal
